
Microsoft Visual Studio Solution File, Format Version 12.00
# Visual Studio Version 16
VisualStudioVersion = 16.0.31112.23
MinimumVisualStudioVersion = 10.0.40219.1
Project("{888888A0-9F3D-457C-B088-3A5042F75D52}") = "Panificacao", "Panificacao.pyproj", "{73B51986-4BB4-4701-B96B-9BE25D053DEF}"
EndProject
Global
	GlobalSection(SolutionConfigurationPlatforms) = preSolution
		Debug|Any CPU = Debug|Any CPU
		Release|Any CPU = Release|Any CPU
	EndGlobalSection
	GlobalSection(ProjectConfigurationPlatforms) = postSolution
		{73B51986-4BB4-4701-B96B-9BE25D053DEF}.Debug|Any CPU.ActiveCfg = Debug|Any CPU
		{73B51986-4BB4-4701-B96B-9BE25D053DEF}.Release|Any CPU.ActiveCfg = Release|Any CPU
	EndGlobalSection
	GlobalSection(SolutionProperties) = preSolution
		HideSolutionNode = FALSE
	EndGlobalSection
	GlobalSection(ExtensibilityGlobals) = postSolution
		SolutionGuid = {84158F36-6555-4A6C-8EA5-5F66D9FA3667}
	EndGlobalSection
EndGlobal
